// !$*UTF8*$!
{
	archiveVersion = 1;
	classes = {
	};
	objectVersion = 77;
	objects = {

/* Begin PBXContainerItemProxy section */
		C80A74822F7B674F006A2DC8 /* PBXContainerItemProxy */ = {
			isa = PBXContainerItemProxy;
			containerPortal = C80A746C2F7B674C006A2DC8 /* Project object */;
			proxyType = 1;
			remoteGlobalIDString = C80A74732F7B674C006A2DC8;
			remoteInfo = "Alpha inmobiliaria";
		};
		C80A748C2F7B674F006A2DC8 /* PBXContainerItemProxy */ = {
			isa = PBXContainerItemProxy;
			containerPortal = C80A746C2F7B674C006A2DC8 /* Project object */;
			proxyType = 1;
			remoteGlobalIDString = C80A74732F7B674C006A2DC8;
			remoteInfo = "Alpha inmobiliaria";
		};
/* End PBXContainerItemProxy section */

/* Begin PBXFileReference section */
		C80A74742F7B674C006A2DC8 /* Alpha inmobiliaria.app */ = {isa = PBXFileReference; explicitFileType = wrapper.application; includeInIndex = 0; path = "Alpha inmobiliaria.app"; sourceTree = BUILT_PRODUCTS_DIR; };
		C80A74812F7B674F006A2DC8 /* Alpha inmobiliariaTests.xctest */ = {isa = PBXFileReference; explicitFileType = wrapper.cfbundle; includeInIndex = 0; path = "Alpha inmobiliariaTests.xctest"; sourceTree = BUILT_PRODUCTS_DIR; };
		C80A748B2F7B674F006A2DC8 /* Alpha inmobiliariaUITests.xctest */ = {isa = PBXFileReference; explicitFileType = wrapper.cfbundle; includeInIndex = 0; path = "Alpha inmobiliariaUITests.xctest"; sourceTree = BUILT_PRODUCTS_DIR; };
/* End PBXFileReference section */

/* Begin PBXFileSystemSynchronizedRootGroup section */
		C80A74762F7B674C006A2DC8 /* Alpha inmobiliaria */ = {
			isa = PBXFileSystemSynchronizedRootGroup;
			path = "Alpha inmobiliaria";
			sourceTree = "<group>";
		};
		C80A74842F7B674F006A2DC8 /* Alpha inmobiliariaTests */ = {
			isa = PBXFileSystemSynchronizedRootGroup;
			path = "Alpha inmobiliariaTests";
			sourceTree = "<group>";
		};
		C80A748E2F7B674F006A2DC8 /* Alpha inmobiliariaUITests */ = {
			isa = PBXFileSystemSynchronizedRootGroup;
			path = "Alpha inmobiliariaUITests";
			sourceTree = "<group>";
		};
/* End PBXFileSystemSynchronizedRootGroup section */

/* Begin PBXFrameworksBuildPhase section */
		C80A74712F7B674C006A2DC8 /* Frameworks */ = {
			isa = PBXFrameworksBuildPhase;
			buildActionMask = 2147483647;
			files = (
			);
			runOnlyForDeploymentPostprocessing = 0;
		};
		C80A747E2F7B674F006A2DC8 /* Frameworks */ = {
			isa = PBXFrameworksBuildPhase;
			buildActionMask = 2147483647;
			files = (
			);
			runOnlyForDeploymentPostprocessing = 0;
		};
		C80A74882F7B674F006A2DC8 /* Frameworks */ = {
			isa = PBXFrameworksBuildPhase;
			buildActionMask = 2147483647;
			files = (
			);
			runOnlyForDeploymentPostprocessing = 0;
		};
/* End PBXFrameworksBuildPhase section */

/* Begin PBXGroup section */
		C80A746B2F7B674C006A2DC8 = {
			isa = PBXGroup;
			children = (
				C80A74762F7B674C006A2DC8 /* Alpha inmobiliaria */,
				C80A74842F7B674F006A2DC8 /* Alpha inmobiliariaTests */,
				C80A748E2F7B674F006A2DC8 /* Alpha inmobiliariaUITests */,
				C80A74752F7B674C006A2DC8 /* Products */,
			);
			sourceTree = "<group>";
		};
		C80A74752F7B674C006A2DC8 /* Products */ = {
			isa = PBXGroup;
			children = (
				C80A74742F7B674C006A2DC8 /* Alpha inmobiliaria.app */,
				C80A74812F7B674F006A2DC8 /* Alpha inmobiliariaTests.xctest */,
				C80A748B2F7B674F006A2DC8 /* Alpha inmobiliariaUITests.xctest */,
			);
			name = Products;
			sourceTree = "<group>";
		};
/* End PBXGroup section */

/* Begin PBXNativeTarget section */
		C80A74732F7B674C006A2DC8 /* Alpha inmobiliaria */ = {
			isa = PBXNativeTarget;
			buildConfigurationList = C80A74952F7B674F006A2DC8 /* Build configuration list for PBXNativeTarget "Alpha inmobiliaria" */;
			buildPhases = (
				C80A74702F7B674C006A2DC8 /* Sources */,
				C80A74712F7B674C006A2DC8 /* Frameworks */,
				C80A74722F7B674C006A2DC8 /* Resources */,
			);
			buildRules = (
			);
			dependencies = (
			);
			fileSystemSynchronizedGroups = (
				C80A74762F7B674C006A2DC8 /* Alpha inmobiliaria */,
			);
			name = "Alpha inmobiliaria";
			packageProductDependencies = (
			);
			productName = "Alpha inmobiliaria";
			productReference = C80A74742F7B674C006A2DC8 /* Alpha inmobiliaria.app */;
			productType = "com.apple.product-type.application";
		};
		C80A74802F7B674F006A2DC8 /* Alpha inmobiliariaTests */ = {
			isa = PBXNativeTarget;
			buildConfigurationList = C80A74982F7B674F006A2DC8 /* Build configuration list for PBXNativeTarget "Alpha inmobiliariaTests" */;
			buildPhases = (
				C80A747D2F7B674F006A2DC8 /* Sources */,
				C80A747E2F7B674F006A2DC8 /* Frameworks */,
				C80A747F2F7B674F006A2DC8 /* Resources */,
			);
			buildRules = (
			);
			dependencies = (
				C80A74832F7B674F006A2DC8 /* PBXTargetDependency */,
			);
			fileSystemSynchronizedGroups = (
				C80A74842F7B674F006A2DC8 /* Alpha inmobiliariaTests */,
			);
			name = "Alpha inmobiliariaTests";
			packageProductDependencies = (
			);
			productName = "Alpha inmobiliariaTests";
			productReference = C80A74812F7B674F006A2DC8 /* Alpha inmobiliariaTests.xctest */;
			productType = "com.apple.product-type.bundle.unit-test";
		};
		C80A748A2F7B674F006A2DC8 /* Alpha inmobiliariaUITests */ = {
			isa = PBXNativeTarget;
			buildConfigurationList = C80A749B2F7B674F006A2DC8 /* Build configuration list for PBXNativeTarget "Alpha inmobiliariaUITests" */;
			buildPhases = (
				C80A74872F7B674F006A2DC8 /* Sources */,
				C80A74882F7B674F006A2DC8 /* Frameworks */,
				C80A74892F7B674F006A2DC8 /* Resources */,
			);
			buildRules = (
			);
			dependencies = (
				C80A748D2F7B674F006A2DC8 /* PBXTargetDependency */,
			);
			fileSystemSynchronizedGroups = (
				C80A748E2F7B674F006A2DC8 /* Alpha inmobiliariaUITests */,
			);
			name = "Alpha inmobiliariaUITests";
			packageProductDependencies = (
			);
			productName = "Alpha inmobiliariaUITests";
			productReference = C80A748B2F7B674F006A2DC8 /* Alpha inmobiliariaUITests.xctest */;
			productType = "com.apple.product-type.bundle.ui-testing";
		};
/* End PBXNativeTarget section */

/* Begin PBXProject section */
		C80A746C2F7B674C006A2DC8 /* Project object */ = {
			isa = PBXProject;
			attributes = {
				BuildIndependentTargetsInParallel = 1;
				LastSwiftUpdateCheck = 2630;
				LastUpgradeCheck = 2630;
				TargetAttributes = {
					C80A74732F7B674C006A2DC8 = {
						CreatedOnToolsVersion = 26.3;
					};
					C80A74802F7B674F006A2DC8 = {
						CreatedOnToolsVersion = 26.3;
						TestTargetID = C80A74732F7B674C006A2DC8;
					};
					C80A748A2F7B674F006A2DC8 = {
						CreatedOnToolsVersion = 26.3;
						TestTargetID = C80A74732F7B674C006A2DC8;
					};
				};
			};
			buildConfigurationList = C80A746F2F7B674C006A2DC8 /* Build configuration list for PBXProject "Alpha inmobiliaria" */;
			developmentRegion = en;
			hasScannedForEncodings = 0;
			knownRegions = (
				en,
				Base,
			);
			mainGroup = C80A746B2F7B674C006A2DC8;
			minimizedProjectReferenceProxies = 1;
			preferredProjectObjectVersion = 77;
			productRefGroup = C80A74752F7B674C006A2DC8 /* Products */;
			projectDirPath = "";
			projectRoot = "";
			targets = (
				C80A74732F7B674C006A2DC8 /* Alpha inmobiliaria */,
				C80A74802F7B674F006A2DC8 /* Alpha inmobiliariaTests */,
				C80A748A2F7B674F006A2DC8 /* Alpha inmobiliariaUITests */,
			);
		};
/* End PBXProject section */

/* Begin PBXResourcesBuildPhase section */
		C80A74722F7B674C006A2DC8 /* Resources */ = {
			isa = PBXResourcesBuildPhase;
			buildActionMask = 2147483647;
			files = (
			);
			runOnlyForDeploymentPostprocessing = 0;
		};
		C80A747F2F7B674F006A2DC8 /* Resources */ = {
			isa = PBXResourcesBuildPhase;
			buildActionMask = 2147483647;
			files = (
			);
			runOnlyForDeploymentPostprocessing = 0;
		};
		C80A74892F7B674F006A2DC8 /* Resources */ = {
			isa = PBXResourcesBuildPhase;
			buildActionMask = 2147483647;
			files = (
			);
			runOnlyForDeploymentPostprocessing = 0;
		};
/* End PBXResourcesBuildPhase section */

/* Begin PBXSourcesBuildPhase section */
		C80A74702F7B674C006A2DC8 /* Sources */ = {
			isa = PBXSourcesBuildPhase;
			buildActionMask = 2147483647;
			files = (
			);
			runOnlyForDeploymentPostprocessing = 0;
		};
		C80A747D2F7B674F006A2DC8 /* Sources */ = {
			isa = PBXSourcesBuildPhase;
			buildActionMask = 2147483647;
			files = (
			);
			runOnlyForDeploymentPostprocessing = 0;
		};
		C80A74872F7B674F006A2DC8 /* Sources */ = {
			isa = PBXSourcesBuildPhase;
			buildActionMask = 2147483647;
			files = (
			);
			runOnlyForDeploymentPostprocessing = 0;
		};
/* End PBXSourcesBuildPhase section */

/* Begin PBXTargetDependency section */
		C80A74832F7B674F006A2DC8 /* PBXTargetDependency */ = {
			isa = PBXTargetDependency;
			target = C80A74732F7B674C006A2DC8 /* Alpha inmobiliaria */;
			targetProxy = C80A74822F7B674F006A2DC8 /* PBXContainerItemProxy */;
		};
		C80A748D2F7B674F006A2DC8 /* PBXTargetDependency */ = {
			isa = PBXTargetDependency;
			target = C80A74732F7B674C006A2DC8 /* Alpha inmobiliaria */;
			targetProxy = C80A748C2F7B674F006A2DC8 /* PBXContainerItemProxy */;
		};
/* End PBXTargetDependency section */

/* Begin XCBuildConfiguration section */
		C80A74932F7B674F006A2DC8 /* Debug */ = {
			isa = XCBuildConfiguration;
			buildSettings = {
				ALWAYS_SEARCH_USER_PATHS = NO;
				ASSETCATALOG_COMPILER_GENERATE_SWIFT_ASSET_SYMBOL_EXTENSIONS = YES;
				CLANG_ANALYZER_NONNULL = YES;
				CLANG_ANALYZER_NUMBER_OBJECT_CONVERSION = YES_AGGRESSIVE;
				CLANG_CXX_LANGUAGE_STANDARD = "gnu++20";
				CLANG_ENABLE_MODULES = YES;
				CLANG_ENABLE_OBJC_ARC = YES;
				CLANG_ENABLE_OBJC_WEAK = YES;
				CLANG_WARN_BLOCK_CAPTURE_AUTORELEASING = YES;
				CLANG_WARN_BOOL_CONVERSION = YES;
				CLANG_WARN_COMMA = YES;
				CLANG_WARN_CONSTANT_CONVERSION = YES;
				CLANG_WARN_DEPRECATED_OBJC_IMPLEMENTATIONS = YES;
				CLANG_WARN_DIRECT_OBJC_ISA_USAGE = YES_ERROR;
				CLANG_WARN_DOCUMENTATION_COMMENTS = YES;
				CLANG_WARN_EMPTY_BODY = YES;
				CLANG_WARN_ENUM_CONVERSION = YES;
				CLANG_WARN_INFINITE_RECURSION = YES;
				CLANG_WARN_INT_CONVERSION = YES;
				CLANG_WARN_NON_LITERAL_NULL_CONVERSION = YES;
				CLANG_WARN_OBJC_IMPLICIT_RETAIN_SELF = YES;
				CLANG_WARN_OBJC_LITERAL_CONVERSION = YES;
				CLANG_WARN_OBJC_ROOT_CLASS = YES_ERROR;
				CLANG_WARN_QUOTED_INCLUDE_IN_FRAMEWORK_HEADER = YES;
				CLANG_WARN_RANGE_LOOP_ANALYSIS = YES;
				CLANG_WARN_STRICT_PROTOTYPES = YES;
				CLANG_WARN_SUSPICIOUS_MOVE = YES;
				CLANG_WARN_UNGUARDED_AVAILABILITY = YES_AGGRESSIVE;
				CLANG_WARN_UNREACHABLE_CODE = YES;
				CLANG_WARN__DUPLICATE_METHOD_MATCH = YES;
				COPY_PHASE_STRIP = NO;
				DEBUG_INFORMATION_FORMAT = dwarf;
				DEVELOPMENT_TEAM = 5GYXD326B2;
				ENABLE_STRICT_OBJC_MSGSEND = YES;
				ENABLE_TESTABILITY = YES;
				ENABLE_USER_SCRIPT_SANDBOXING = YES;
				GCC_C_LANGUAGE_STANDARD = gnu17;
				GCC_DYNAMIC_NO_PIC = NO;
				GCC_NO_COMMON_BLOCKS = YES;
				GCC_OPTIMIZATION_LEVEL = 0;
				GCC_PREPROCESSOR_DEFINITIONS = (
					"DEBUG=1",
					"$(inherited)",
				);
				GCC_WARN_64_TO_32_BIT_CONVERSION = YES;
				GCC_WARN_ABOUT_RETURN_TYPE = YES_ERROR;
				GCC_WARN_UNDECLARED_SELECTOR = YES;
				GCC_WARN_UNINITIALIZED_AUTOS = YES_AGGRESSIVE;
				GCC_WARN_UNUSED_FUNCTION = YES;
				GCC_WARN_UNUSED_VARIABLE = YES;
				IPHONEOS_DEPLOYMENT_TARGET = 26.2;
				LOCALIZATION_PREFERS_STRING_CATALOGS = YES;
				MTL_ENABLE_DEBUG_INFO = INCLUDE_SOURCE;
				MTL_FAST_MATH = YES;
				ONLY_ACTIVE_ARCH = YES;
				SDKROOT = iphoneos;
				SWIFT_ACTIVE_COMPILATION_CONDITIONS = "DEBUG $(inherited)";
				SWIFT_OPTIMIZATION_LEVEL = "-Onone";
			};
			name = Debug;
		};
		C80A74942F7B674F006A2DC8 /* Release */ = {
			isa = XCBuildConfiguration;
			buildSettings = {
				ALWAYS_SEARCH_USER_PATHS = NO;
				ASSETCATALOG_COMPILER_GENERATE_SWIFT_ASSET_SYMBOL_EXTENSIONS = YES;
				CLANG_ANALYZER_NONNULL = YES;
				CLANG_ANALYZER_NUMBER_OBJECT_CONVERSION = YES_AGGRESSIVE;
				CLANG_CXX_LANGUAGE_STANDARD = "gnu++20";
				CLANG_ENABLE_MODULES = YES;
				CLANG_ENABLE_OBJC_ARC = YES;
				CLANG_ENABLE_OBJC_WEAK = YES;
				CLANG_WARN_BLOCK_CAPTURE_AUTORELEASING = YES;
				CLANG_WARN_BOOL_CONVERSION = YES;
				CLANG_WARN_COMMA = YES;
				CLANG_WARN_CONSTANT_CONVERSION = YES;
				CLANG_WARN_DEPRECATED_OBJC_IMPLEMENTATIONS = YES;
				CLANG_WARN_DIRECT_OBJC_ISA_USAGE = YES_ERROR;
				CLANG_WARN_DOCUMENTATION_COMMENTS = YES;
				CLANG_WARN_EMPTY_BODY = YES;
				CLANG_WARN_ENUM_CONVERSION = YES;
				CLANG_WARN_INFINITE_RECURSION = YES;
				CLANG_WARN_INT_CONVERSION = YES;
				CLANG_WARN_NON_LITERAL_NULL_CONVERSION = YES;
				CLANG_WARN_OBJC_IMPLICIT_RETAIN_SELF = YES;
				CLANG_WARN_OBJC_LITERAL_CONVERSION = YES;
				CLANG_WARN_OBJC_ROOT_CLASS = YES_ERROR;
				CLANG_WARN_QUOTED_INCLUDE_IN_FRAMEWORK_HEADER = YES;
				CLANG_WARN_RANGE_LOOP_ANALYSIS = YES;
				CLANG_WARN_STRICT_PROTOTYPES = YES;
				CLANG_WARN_SUSPICIOUS_MOVE = YES;
				CLANG_WARN_UNGUARDED_AVAILABILITY = YES_AGGRESSIVE;
				CLANG_WARN_UNREACHABLE_CODE = YES;
				CLANG_WARN__DUPLICATE_METHOD_MATCH = YES;
				COPY_PHASE_STRIP = NO;
				DEBUG_INFORMATION_FORMAT = "dwarf-with-dsym";
				DEVELOPMENT_TEAM = 5GYXD326B2;
				ENABLE_NS_ASSERTIONS = NO;
				ENABLE_STRICT_OBJC_MSGSEND = YES;
				ENABLE_USER_SCRIPT_SANDBOXING = YES;
				GCC_C_LANGUAGE_STANDARD = gnu17;
				GCC_NO_COMMON_BLOCKS = YES;
				GCC_WARN_64_TO_32_BIT_CONVERSION = YES;
				GCC_WARN_ABOUT_RETURN_TYPE = YES_ERROR;
				GCC_WARN_UNDECLARED_SELECTOR = YES;
				GCC_WARN_UNINITIALIZED_AUTOS = YES_AGGRESSIVE;
				GCC_WARN_UNUSED_FUNCTION = YES;
				GCC_WARN_UNUSED_VARIABLE = YES;
				IPHONEOS_DEPLOYMENT_TARGET = 26.2;
				LOCALIZATION_PREFERS_STRING_CATALOGS = YES;
				MTL_ENABLE_DEBUG_INFO = NO;
				MTL_FAST_MATH = YES;
				SDKROOT = iphoneos;
				SWIFT_COMPILATION_MODE = wholemodule;
				VALIDATE_PRODUCT = YES;
			};
			name = Release;
		};
		C80A74962F7B674F006A2DC8 /* Debug */ = {
			isa = XCBuildConfiguration;
			buildSettings = {
				ASSETCATALOG_COMPILER_APPICON_NAME = AppIcon;
				ASSETCATALOG_COMPILER_GLOBAL_ACCENT_COLOR_NAME = AccentColor;
				CODE_SIGN_STYLE = Automatic;
				CURRENT_PROJECT_VERSION = 1;
				DEVELOPMENT_TEAM = 5GYXD326B2;
				ENABLE_PREVIEWS = YES;
				GENERATE_INFOPLIST_FILE = YES;
				INFOPLIST_KEY_NSCameraUsageDescription = "Necesitamos la cámara para verificar tu identidad";
				INFOPLIST_KEY_UIApplicationSceneManifest_Generation = YES;
				INFOPLIST_KEY_UIApplicationSupportsIndirectInputEvents = YES;
				INFOPLIST_KEY_UILaunchScreen_Generation = YES;
				INFOPLIST_KEY_UISupportedInterfaceOrientations_iPad = "UIInterfaceOrientationPortrait UIInterfaceOrientationPortraitUpsideDown UIInterfaceOrientationLandscapeLeft UIInterfaceOrientationLandscapeRight";
				INFOPLIST_KEY_UISupportedInterfaceOrientations_iPhone = "UIInterfaceOrientationPortrait UIInterfaceOrientationLandscapeLeft UIInterfaceOrientationLandscapeRight";
				LD_RUNPATH_SEARCH_PATHS = (
					"$(inherited)",
					"@executable_path/Frameworks",
				);
				MARKETING_VERSION = 1.0;
				PRODUCT_BUNDLE_IDENTIFIER = "tec101.Alpha-inmobiliaria";
				PRODUCT_NAME = "$(TARGET_NAME)";
				STRING_CATALOG_GENERATE_SYMBOLS = YES;
				SWIFT_APPROACHABLE_CONCURRENCY = YES;
				SWIFT_DEFAULT_ACTOR_ISOLATION = MainActor;
				SWIFT_EMIT_LOC_STRINGS = YES;
				SWIFT_UPCOMING_FEATURE_MEMBER_IMPORT_VISIBILITY = YES;
				SWIFT_VERSION = 5.0;
				TARGETED_DEVICE_FAMILY = "1,2";
			};
			name = Debug;
		};
		C80A74972F7B674F006A2DC8 /* Release */ = {
			isa = XCBuildConfiguration;
			buildSettings = {
				ASSETCATALOG_COMPILER_APPICON_NAME = AppIcon;
				ASSETCATALOG_COMPILER_GLOBAL_ACCENT_COLOR_NAME = AccentColor;
				CODE_SIGN_STYLE = Automatic;
				CURRENT_PROJECT_VERSION = 1;
				DEVELOPMENT_TEAM = 5GYXD326B2;
				ENABLE_PREVIEWS = YES;
				GENERATE_INFOPLIST_FILE = YES;
				INFOPLIST_KEY_NSCameraUsageDescription = "Necesitamos la cámara para verificar tu identidad";
				INFOPLIST_KEY_UIApplicationSceneManifest_Generation = YES;
				INFOPLIST_KEY_UIApplicationSupportsIndirectInputEvents = YES;
				INFOPLIST_KEY_UILaunchScreen_Generation = YES;
				INFOPLIST_KEY_UISupportedInterfaceOrientations_iPad = "UIInterfaceOrientationPortrait UIInterfaceOrientationPortraitUpsideDown UIInterfaceOrientationLandscapeLeft UIInterfaceOrientationLandscapeRight";
				INFOPLIST_KEY_UISupportedInterfaceOrientations_iPhone = "UIInterfaceOrientationPortrait UIInterfaceOrientationLandscapeLeft UIInterfaceOrientationLandscapeRight";
				LD_RUNPATH_SEARCH_PATHS = (
					"$(inherited)",
					"@executable_path/Frameworks",
				);
				MARKETING_VERSION = 1.0;
				PRODUCT_BUNDLE_IDENTIFIER = "tec101.Alpha-inmobiliaria";
				PRODUCT_NAME = "$(TARGET_NAME)";
				STRING_CATALOG_GENERATE_SYMBOLS = YES;
				SWIFT_APPROACHABLE_CONCURRENCY = YES;
				SWIFT_DEFAULT_ACTOR_ISOLATION = MainActor;
				SWIFT_EMIT_LOC_STRINGS = YES;
				SWIFT_UPCOMING_FEATURE_MEMBER_IMPORT_VISIBILITY = YES;
				SWIFT_VERSION = 5.0;
				TARGETED_DEVICE_FAMILY = "1,2";
			};
			name = Release;
		};
		C80A74992F7B674F006A2DC8 /* Debug */ = {
			isa = XCBuildConfiguration;
			buildSettings = {
				BUNDLE_LOADER = "$(TEST_HOST)";
				CODE_SIGN_STYLE = Automatic;
				CURRENT_PROJECT_VERSION = 1;
				DEVELOPMENT_TEAM = 5GYXD326B2;
				GENERATE_INFOPLIST_FILE = YES;
				IPHONEOS_DEPLOYMENT_TARGET = 26.2;
				MARKETING_VERSION = 1.0;
				PRODUCT_BUNDLE_IDENTIFIER = "tec101.Alpha-inmobiliariaTests";
				PRODUCT_NAME = "$(TARGET_NAME)";
				STRING_CATALOG_GENERATE_SYMBOLS = NO;
				SWIFT_APPROACHABLE_CONCURRENCY = YES;
				SWIFT_EMIT_LOC_STRINGS = NO;
				SWIFT_UPCOMING_FEATURE_MEMBER_IMPORT_VISIBILITY = YES;
				SWIFT_VERSION = 5.0;
				TARGETED_DEVICE_FAMILY = "1,2";
				TEST_HOST = "$(BUILT_PRODUCTS_DIR)/Alpha inmobiliaria.app/$(BUNDLE_EXECUTABLE_FOLDER_PATH)/Alpha inmobiliaria";
			};
			name = Debug;
		};
		C80A749A2F7B674F006A2DC8 /* Release */ = {
			isa = XCBuildConfiguration;
			buildSettings = {
				BUNDLE_LOADER = "$(TEST_HOST)";
				CODE_SIGN_STYLE = Automatic;
				CURRENT_PROJECT_VERSION = 1;
				DEVELOPMENT_TEAM = 5GYXD326B2;
				GENERATE_INFOPLIST_FILE = YES;
				IPHONEOS_DEPLOYMENT_TARGET = 26.2;
				MARKETING_VERSION = 1.0;
				PRODUCT_BUNDLE_IDENTIFIER = "tec101.Alpha-inmobiliariaTests";
				PRODUCT_NAME = "$(TARGET_NAME)";
				STRING_CATALOG_GENERATE_SYMBOLS = NO;
				SWIFT_APPROACHABLE_CONCURRENCY = YES;
				SWIFT_EMIT_LOC_STRINGS = NO;
				SWIFT_UPCOMING_FEATURE_MEMBER_IMPORT_VISIBILITY = YES;
				SWIFT_VERSION = 5.0;
				TARGETED_DEVICE_FAMILY = "1,2";
				TEST_HOST = "$(BUILT_PRODUCTS_DIR)/Alpha inmobiliaria.app/$(BUNDLE_EXECUTABLE_FOLDER_PATH)/Alpha inmobiliaria";
			};
			name = Release;
		};
		C80A749C2F7B674F006A2DC8 /* Debug */ = {
			isa = XCBuildConfiguration;
			buildSettings = {
				CODE_SIGN_STYLE = Automatic;
				CURRENT_PROJECT_VERSION = 1;
				DEVELOPMENT_TEAM = 5GYXD326B2;
				GENERATE_INFOPLIST_FILE = YES;
				MARKETING_VERSION = 1.0;
				PRODUCT_BUNDLE_IDENTIFIER = "tec101.Alpha-inmobiliariaUITests";
				PRODUCT_NAME = "$(TARGET_NAME)";
				STRING_CATALOG_GENERATE_SYMBOLS = NO;
				SWIFT_APPROACHABLE_CONCURRENCY = YES;
				SWIFT_EMIT_LOC_STRINGS = NO;
				SWIFT_UPCOMING_FEATURE_MEMBER_IMPORT_VISIBILITY = YES;
				SWIFT_VERSION = 5.0;
				TARGETED_DEVICE_FAMILY = "1,2";
				TEST_TARGET_NAME = "Alpha inmobiliaria";
			};
			name = Debug;
		};
		C80A749D2F7B674F006A2DC8 /* Release */ = {
			isa = XCBuildConfiguration;
			buildSettings = {
				CODE_SIGN_STYLE = Automatic;
				CURRENT_PROJECT_VERSION = 1;
				DEVELOPMENT_TEAM = 5GYXD326B2;
				GENERATE_INFOPLIST_FILE = YES;
				MARKETING_VERSION = 1.0;
				PRODUCT_BUNDLE_IDENTIFIER = "tec101.Alpha-inmobiliariaUITests";
				PRODUCT_NAME = "$(TARGET_NAME)";
				STRING_CATALOG_GENERATE_SYMBOLS = NO;
				SWIFT_APPROACHABLE_CONCURRENCY = YES;
				SWIFT_EMIT_LOC_STRINGS = NO;
				SWIFT_UPCOMING_FEATURE_MEMBER_IMPORT_VISIBILITY = YES;
				SWIFT_VERSION = 5.0;
				TARGETED_DEVICE_FAMILY = "1,2";
				TEST_TARGET_NAME = "Alpha inmobiliaria";
			};
			name = Release;
		};
/* End XCBuildConfiguration section */

/* Begin XCConfigurationList section */
		C80A746F2F7B674C006A2DC8 /* Build configuration list for PBXProject "Alpha inmobiliaria" */ = {
			isa = XCConfigurationList;
			buildConfigurations = (
				C80A74932F7B674F006A2DC8 /* Debug */,
				C80A74942F7B674F006A2DC8 /* Release */,
			);
			defaultConfigurationIsVisible = 0;
			defaultConfigurationName = Release;
		};
		C80A74952F7B674F006A2DC8 /* Build configuration list for PBXNativeTarget "Alpha inmobiliaria" */ = {
			isa = XCConfigurationList;
			buildConfigurations = (
				C80A74962F7B674F006A2DC8 /* Debug */,
				C80A74972F7B674F006A2DC8 /* Release */,
			);
			defaultConfigurationIsVisible = 0;
			defaultConfigurationName = Release;
		};
		C80A74982F7B674F006A2DC8 /* Build configuration list for PBXNativeTarget "Alpha inmobiliariaTests" */ = {
			isa = XCConfigurationList;
			buildConfigurations = (
				C80A74992F7B674F006A2DC8 /* Debug */,
				C80A749A2F7B674F006A2DC8 /* Release */,
			);
			defaultConfigurationIsVisible = 0;
			defaultConfigurationName = Release;
		};
		C80A749B2F7B674F006A2DC8 /* Build configuration list for PBXNativeTarget "Alpha inmobiliariaUITests" */ = {
			isa = XCConfigurationList;
			buildConfigurations = (
				C80A749C2F7B674F006A2DC8 /* Debug */,
				C80A749D2F7B674F006A2DC8 /* Release */,
			);
			defaultConfigurationIsVisible = 0;
			defaultConfigurationName = Release;
		};
/* End XCConfigurationList section */
	};
	rootObject = C80A746C2F7B674C006A2DC8 /* Project object */;
}
